// !$*UTF8*$!
{
	archiveVersion = 1;
	classes = {
	};
	objectVersion = 46;
	objects = {

/* Begin PBXBuildFile section */
		DDF53CE31AC9854900931898 /* VHHStateMachine.h in Headers */ = {isa = PBXBuildFile; fileRef = DDF53CE21AC9854900931898 /* VHHStateMachine.h */; settings = {ATTRIBUTES = (Public, ); }; };
		DDF53CE91AC9854900931898 /* VHHStateMachine.framework in Frameworks */ = {isa = PBXBuildFile; fileRef = DDF53CDD1AC9854900931898 /* VHHStateMachine.framework */; };
		DDF53CF01AC9854900931898 /* VHHStateMachineTests.swift in Sources */ = {isa = PBXBuildFile; fileRef = DDF53CEF1AC9854900931898 /* VHHStateMachineTests.swift */; };
		DDF53CFA1AC9860F00931898 /* StateMachine.swift in Sources */ = {isa = PBXBuildFile; fileRef = DDF53CF91AC9860F00931898 /* StateMachine.swift */; };
		DDF53CFC1AC9874E00931898 /* SMState.swift in Sources */ = {isa = PBXBuildFile; fileRef = DDF53CFB1AC9874E00931898 /* SMState.swift */; };
		DDF53CFE1AC9876300931898 /* SMEvent.swift in Sources */ = {isa = PBXBuildFile; fileRef = DDF53CFD1AC9876300931898 /* SMEvent.swift */; };
		DDF53D001AC987C100931898 /* SMStatechange.swift in Sources */ = {isa = PBXBuildFile; fileRef = DDF53CFF1AC987C100931898 /* SMStatechange.swift */; };
		F3D271081ACB0918000F7B71 /* SMEvent.swift in Sources */ = {isa = PBXBuildFile; fileRef = DDF53CFD1AC9876300931898 /* SMEvent.swift */; };
		F3D2710A1ACB096A000F7B71 /* StateMachine.swift in Sources */ = {isa = PBXBuildFile; fileRef = DDF53CF91AC9860F00931898 /* StateMachine.swift */; };
		F3D2710B1ACB096E000F7B71 /* SMState.swift in Sources */ = {isa = PBXBuildFile; fileRef = DDF53CFB1AC9874E00931898 /* SMState.swift */; };
		F3D2710C1ACB0974000F7B71 /* SMStatechange.swift in Sources */ = {isa = PBXBuildFile; fileRef = DDF53CFF1AC987C100931898 /* SMStatechange.swift */; };
/* End PBXBuildFile section */

/* Begin PBXContainerItemProxy section */
		DDF53CEA1AC9854900931898 /* PBXContainerItemProxy */ = {
			isa = PBXContainerItemProxy;
			containerPortal = DDF53CD41AC9854900931898 /* Project object */;
			proxyType = 1;
			remoteGlobalIDString = DDF53CDC1AC9854900931898;
			remoteInfo = VHHStateMachine;
		};
/* End PBXContainerItemProxy section */

/* Begin PBXFileReference section */
		DDF53CDD1AC9854900931898 /* VHHStateMachine.framework */ = {isa = PBXFileReference; explicitFileType = wrapper.framework; includeInIndex = 0; path = VHHStateMachine.framework; sourceTree = BUILT_PRODUCTS_DIR; };
		DDF53CE11AC9854900931898 /* Info.plist */ = {isa = PBXFileReference; lastKnownFileType = text.plist.xml; path = Info.plist; sourceTree = "<group>"; };
		DDF53CE21AC9854900931898 /* VHHStateMachine.h */ = {isa = PBXFileReference; lastKnownFileType = sourcecode.c.h; path = VHHStateMachine.h; sourceTree = "<group>"; };
		DDF53CE81AC9854900931898 /* VHHStateMachineTests.xctest */ = {isa = PBXFileReference; explicitFileType = wrapper.cfbundle; includeInIndex = 0; path = VHHStateMachineTests.xctest; sourceTree = BUILT_PRODUCTS_DIR; };
		DDF53CEE1AC9854900931898 /* Info.plist */ = {isa = PBXFileReference; lastKnownFileType = text.plist.xml; path = Info.plist; sourceTree = "<group>"; };
		DDF53CEF1AC9854900931898 /* VHHStateMachineTests.swift */ = {isa = PBXFileReference; lastKnownFileType = sourcecode.swift; path = VHHStateMachineTests.swift; sourceTree = "<group>"; };
		DDF53CF91AC9860F00931898 /* StateMachine.swift */ = {isa = PBXFileReference; fileEncoding = 4; lastKnownFileType = sourcecode.swift; path = StateMachine.swift; sourceTree = "<group>"; };
		DDF53CFB1AC9874E00931898 /* SMState.swift */ = {isa = PBXFileReference; fileEncoding = 4; lastKnownFileType = sourcecode.swift; path = SMState.swift; sourceTree = "<group>"; };
		DDF53CFD1AC9876300931898 /* SMEvent.swift */ = {isa = PBXFileReference; fileEncoding = 4; lastKnownFileType = sourcecode.swift; path = SMEvent.swift; sourceTree = "<group>"; };
		DDF53CFF1AC987C100931898 /* SMStatechange.swift */ = {isa = PBXFileReference; fileEncoding = 4; lastKnownFileType = sourcecode.swift; path = SMStatechange.swift; sourceTree = "<group>"; };
/* End PBXFileReference section */

/* Begin PBXFrameworksBuildPhase section */
		DDF53CD91AC9854900931898 /* Frameworks */ = {
			isa = PBXFrameworksBuildPhase;
			buildActionMask = 2147483647;
			files = (
			);
			runOnlyForDeploymentPostprocessing = 0;
		};
		DDF53CE51AC9854900931898 /* Frameworks */ = {
			isa = PBXFrameworksBuildPhase;
			buildActionMask = 2147483647;
			files = (
				DDF53CE91AC9854900931898 /* VHHStateMachine.framework in Frameworks */,
			);
			runOnlyForDeploymentPostprocessing = 0;
		};
/* End PBXFrameworksBuildPhase section */

/* Begin PBXGroup section */
		DDF53CD31AC9854900931898 = {
			isa = PBXGroup;
			children = (
				DDF53CDF1AC9854900931898 /* VHHStateMachine */,
				DDF53CEC1AC9854900931898 /* VHHStateMachineTests */,
				DDF53CDE1AC9854900931898 /* Products */,
			);
			sourceTree = "<group>";
		};
		DDF53CDE1AC9854900931898 /* Products */ = {
			isa = PBXGroup;
			children = (
				DDF53CDD1AC9854900931898 /* VHHStateMachine.framework */,
				DDF53CE81AC9854900931898 /* VHHStateMachineTests.xctest */,
			);
			name = Products;
			sourceTree = "<group>";
		};
		DDF53CDF1AC9854900931898 /* VHHStateMachine */ = {
			isa = PBXGroup;
			children = (
				DDF53CE21AC9854900931898 /* VHHStateMachine.h */,
				DDF53D031ACAC1AD00931898 /* Core */,
				DDF53CE01AC9854900931898 /* Supporting Files */,
			);
			path = VHHStateMachine;
			sourceTree = "<group>";
		};
		DDF53CE01AC9854900931898 /* Supporting Files */ = {
			isa = PBXGroup;
			children = (
				DDF53CE11AC9854900931898 /* Info.plist */,
			);
			name = "Supporting Files";
			sourceTree = "<group>";
		};
		DDF53CEC1AC9854900931898 /* VHHStateMachineTests */ = {
			isa = PBXGroup;
			children = (
				DDF53CEF1AC9854900931898 /* VHHStateMachineTests.swift */,
				DDF53CED1AC9854900931898 /* Supporting Files */,
			);
			path = VHHStateMachineTests;
			sourceTree = "<group>";
		};
		DDF53CED1AC9854900931898 /* Supporting Files */ = {
			isa = PBXGroup;
			children = (
				DDF53CEE1AC9854900931898 /* Info.plist */,
			);
			name = "Supporting Files";
			sourceTree = "<group>";
		};
		DDF53D031ACAC1AD00931898 /* Core */ = {
			isa = PBXGroup;
			children = (
				DDF53CF91AC9860F00931898 /* StateMachine.swift */,
				DDF53CFB1AC9874E00931898 /* SMState.swift */,
				DDF53CFD1AC9876300931898 /* SMEvent.swift */,
				DDF53CFF1AC987C100931898 /* SMStatechange.swift */,
			);
			name = Core;
			sourceTree = "<group>";
		};
/* End PBXGroup section */

/* Begin PBXHeadersBuildPhase section */
		DDF53CDA1AC9854900931898 /* Headers */ = {
			isa = PBXHeadersBuildPhase;
			buildActionMask = 2147483647;
			files = (
				DDF53CE31AC9854900931898 /* VHHStateMachine.h in Headers */,
			);
			runOnlyForDeploymentPostprocessing = 0;
		};
/* End PBXHeadersBuildPhase section */

/* Begin PBXNativeTarget section */
		DDF53CDC1AC9854900931898 /* VHHStateMachine */ = {
			isa = PBXNativeTarget;
			buildConfigurationList = DDF53CF31AC9854900931898 /* Build configuration list for PBXNativeTarget "VHHStateMachine" */;
			buildPhases = (
				DDF53CD81AC9854900931898 /* Sources */,
				DDF53CD91AC9854900931898 /* Frameworks */,
				DDF53CDA1AC9854900931898 /* Headers */,
				DDF53CDB1AC9854900931898 /* Resources */,
			);
			buildRules = (
			);
			dependencies = (
			);
			name = VHHStateMachine;
			productName = VHHStateMachine;
			productReference = DDF53CDD1AC9854900931898 /* VHHStateMachine.framework */;
			productType = "com.apple.product-type.framework";
		};
		DDF53CE71AC9854900931898 /* VHHStateMachineTests */ = {
			isa = PBXNativeTarget;
			buildConfigurationList = DDF53CF61AC9854900931898 /* Build configuration list for PBXNativeTarget "VHHStateMachineTests" */;
			buildPhases = (
				DDF53CE41AC9854900931898 /* Sources */,
				DDF53CE51AC9854900931898 /* Frameworks */,
				DDF53CE61AC9854900931898 /* Resources */,
			);
			buildRules = (
			);
			dependencies = (
				DDF53CEB1AC9854900931898 /* PBXTargetDependency */,
			);
			name = VHHStateMachineTests;
			productName = VHHStateMachineTests;
			productReference = DDF53CE81AC9854900931898 /* VHHStateMachineTests.xctest */;
			productType = "com.apple.product-type.bundle.unit-test";
		};
/* End PBXNativeTarget section */

/* Begin PBXProject section */
		DDF53CD41AC9854900931898 /* Project object */ = {
			isa = PBXProject;
			attributes = {
				LastUpgradeCheck = 0620;
				ORGANIZATIONNAME = VITAS;
				TargetAttributes = {
					DDF53CDC1AC9854900931898 = {
						CreatedOnToolsVersion = 6.2;
						DevelopmentTeam = VDA5P9BC5F;
					};
					DDF53CE71AC9854900931898 = {
						CreatedOnToolsVersion = 6.2;
					};
				};
			};
			buildConfigurationList = DDF53CD71AC9854900931898 /* Build configuration list for PBXProject "VHHStateMachine" */;
			compatibilityVersion = "Xcode 3.2";
			developmentRegion = English;
			hasScannedForEncodings = 0;
			knownRegions = (
				en,
			);
			mainGroup = DDF53CD31AC9854900931898;
			productRefGroup = DDF53CDE1AC9854900931898 /* Products */;
			projectDirPath = "";
			projectRoot = "";
			targets = (
				DDF53CDC1AC9854900931898 /* VHHStateMachine */,
				DDF53CE71AC9854900931898 /* VHHStateMachineTests */,
			);
		};
/* End PBXProject section */

/* Begin PBXResourcesBuildPhase section */
		DDF53CDB1AC9854900931898 /* Resources */ = {
			isa = PBXResourcesBuildPhase;
			buildActionMask = 2147483647;
			files = (
			);
			runOnlyForDeploymentPostprocessing = 0;
		};
		DDF53CE61AC9854900931898 /* Resources */ = {
			isa = PBXResourcesBuildPhase;
			buildActionMask = 2147483647;
			files = (
			);
			runOnlyForDeploymentPostprocessing = 0;
		};
/* End PBXResourcesBuildPhase section */

/* Begin PBXSourcesBuildPhase section */
		DDF53CD81AC9854900931898 /* Sources */ = {
			isa = PBXSourcesBuildPhase;
			buildActionMask = 2147483647;
			files = (
				DDF53CFE1AC9876300931898 /* SMEvent.swift in Sources */,
				DDF53D001AC987C100931898 /* SMStatechange.swift in Sources */,
				DDF53CFA1AC9860F00931898 /* StateMachine.swift in Sources */,
				DDF53CFC1AC9874E00931898 /* SMState.swift in Sources */,
			);
			runOnlyForDeploymentPostprocessing = 0;
		};
		DDF53CE41AC9854900931898 /* Sources */ = {
			isa = PBXSourcesBuildPhase;
			buildActionMask = 2147483647;
			files = (
				F3D271081ACB0918000F7B71 /* SMEvent.swift in Sources */,
				F3D2710B1ACB096E000F7B71 /* SMState.swift in Sources */,
				F3D2710C1ACB0974000F7B71 /* SMStatechange.swift in Sources */,
				F3D2710A1ACB096A000F7B71 /* StateMachine.swift in Sources */,
				DDF53CF01AC9854900931898 /* VHHStateMachineTests.swift in Sources */,
			);
			runOnlyForDeploymentPostprocessing = 0;
		};
/* End PBXSourcesBuildPhase section */

/* Begin PBXTargetDependency section */
		DDF53CEB1AC9854900931898 /* PBXTargetDependency */ = {
			isa = PBXTargetDependency;
			target = DDF53CDC1AC9854900931898 /* VHHStateMachine */;
			targetProxy = DDF53CEA1AC9854900931898 /* PBXContainerItemProxy */;
		};
/* End PBXTargetDependency section */

/* Begin XCBuildConfiguration section */
		DDF53CF11AC9854900931898 /* Debug */ = {
			isa = XCBuildConfiguration;
			buildSettings = {
				ALWAYS_SEARCH_USER_PATHS = NO;
				CLANG_CXX_LANGUAGE_STANDARD = "gnu++0x";
				CLANG_CXX_LIBRARY = "libc++";
				CLANG_ENABLE_MODULES = YES;
				CLANG_ENABLE_OBJC_ARC = YES;
				CLANG_WARN_BOOL_CONVERSION = YES;
				CLANG_WARN_CONSTANT_CONVERSION = YES;
				CLANG_WARN_DIRECT_OBJC_ISA_USAGE = YES_ERROR;
				CLANG_WARN_EMPTY_BODY = YES;
				CLANG_WARN_ENUM_CONVERSION = YES;
				CLANG_WARN_INT_CONVERSION = YES;
				CLANG_WARN_OBJC_ROOT_CLASS = YES_ERROR;
				CLANG_WARN_UNREACHABLE_CODE = YES;
				CLANG_WARN__DUPLICATE_METHOD_MATCH = YES;
				"CODE_SIGN_IDENTITY[sdk=iphoneos*]" = "iPhone Developer";
				COPY_PHASE_STRIP = NO;
				CURRENT_PROJECT_VERSION = 1;
				ENABLE_STRICT_OBJC_MSGSEND = YES;
				GCC_C_LANGUAGE_STANDARD = gnu99;
				GCC_DYNAMIC_NO_PIC = NO;
				GCC_OPTIMIZATION_LEVEL = 0;
				GCC_PREPROCESSOR_DEFINITIONS = (
					"DEBUG=1",
					"$(inherited)",
				);
				GCC_SYMBOLS_PRIVATE_EXTERN = NO;
				GCC_WARN_64_TO_32_BIT_CONVERSION = YES;
				GCC_WARN_ABOUT_RETURN_TYPE = YES_ERROR;
				GCC_WARN_UNDECLARED_SELECTOR = YES;
				GCC_WARN_UNINITIALIZED_AUTOS = YES_AGGRESSIVE;
				GCC_WARN_UNUSED_FUNCTION = YES;
				GCC_WARN_UNUSED_VARIABLE = YES;
				IPHONEOS_DEPLOYMENT_TARGET = 8.3;
				MTL_ENABLE_DEBUG_INFO = YES;
				ONLY_ACTIVE_ARCH = YES;
				SDKROOT = iphoneos;
				SWIFT_OPTIMIZATION_LEVEL = "-Onone";
				TARGETED_DEVICE_FAMILY = "1,2";
				VERSIONING_SYSTEM = "apple-generic";
				VERSION_INFO_PREFIX = "";
			};
			name = Debug;
		};
		DDF53CF21AC9854900931898 /* Release */ = {
			isa = XCBuildConfiguration;
			buildSettings = {
				ALWAYS_SEARCH_USER_PATHS = NO;
				CLANG_CXX_LANGUAGE_STANDARD = "gnu++0x";
				CLANG_CXX_LIBRARY = "libc++";
				CLANG_ENABLE_MODULES = YES;
				CLANG_ENABLE_OBJC_ARC = YES;
				CLANG_WARN_BOOL_CONVERSION = YES;
				CLANG_WARN_CONSTANT_CONVERSION = YES;
				CLANG_WARN_DIRECT_OBJC_ISA_USAGE = YES_ERROR;
				CLANG_WARN_EMPTY_BODY = YES;
				CLANG_WARN_ENUM_CONVERSION = YES;
				CLANG_WARN_INT_CONVERSION = YES;
				CLANG_WARN_OBJC_ROOT_CLASS = YES_ERROR;
				CLANG_WARN_UNREACHABLE_CODE = YES;
				CLANG_WARN__DUPLICATE_METHOD_MATCH = YES;
				"CODE_SIGN_IDENTITY[sdk=iphoneos*]" = "iPhone Developer";
				COPY_PHASE_STRIP = NO;
				CURRENT_PROJECT_VERSION = 1;
				ENABLE_NS_ASSERTIONS = NO;
				ENABLE_STRICT_OBJC_MSGSEND = YES;
				GCC_C_LANGUAGE_STANDARD = gnu99;
				GCC_WARN_64_TO_32_BIT_CONVERSION = YES;
				GCC_WARN_ABOUT_RETURN_TYPE = YES_ERROR;
				GCC_WARN_UNDECLARED_SELECTOR = YES;
				GCC_WARN_UNINITIALIZED_AUTOS = YES_AGGRESSIVE;
				GCC_WARN_UNUSED_FUNCTION = YES;
				GCC_WARN_UNUSED_VARIABLE = YES;
				IPHONEOS_DEPLOYMENT_TARGET = 8.3;
				MTL_ENABLE_DEBUG_INFO = NO;
				SDKROOT = iphoneos;
				TARGETED_DEVICE_FAMILY = "1,2";
				VALIDATE_PRODUCT = YES;
				VERSIONING_SYSTEM = "apple-generic";
				VERSION_INFO_PREFIX = "";
			};
			name = Release;
		};
		DDF53CF41AC9854900931898 /* Debug */ = {
			isa = XCBuildConfiguration;
			buildSettings = {
				CLANG_ENABLE_MODULES = YES;
				CODE_SIGN_IDENTITY = "iPhone Developer";
				DEFINES_MODULE = YES;
				DYLIB_COMPATIBILITY_VERSION = 1;
				DYLIB_CURRENT_VERSION = 1;
				DYLIB_INSTALL_NAME_BASE = "@rpath";
				INFOPLIST_FILE = VHHStateMachine/Info.plist;
				INSTALL_PATH = "$(LOCAL_LIBRARY_DIR)/Frameworks";
				LD_RUNPATH_SEARCH_PATHS = "$(inherited) @executable_path/Frameworks @loader_path/Frameworks";
				PRODUCT_NAME = "$(TARGET_NAME)";
				SKIP_INSTALL = YES;
				SWIFT_OPTIMIZATION_LEVEL = "-Onone";
			};
			name = Debug;
		};
		DDF53CF51AC9854900931898 /* Release */ = {
			isa = XCBuildConfiguration;
			buildSettings = {
				CLANG_ENABLE_MODULES = YES;
				CODE_SIGN_IDENTITY = "iPhone Developer";
				DEFINES_MODULE = YES;
				DYLIB_COMPATIBILITY_VERSION = 1;
				DYLIB_CURRENT_VERSION = 1;
				DYLIB_INSTALL_NAME_BASE = "@rpath";
				INFOPLIST_FILE = VHHStateMachine/Info.plist;
				INSTALL_PATH = "$(LOCAL_LIBRARY_DIR)/Frameworks";
				LD_RUNPATH_SEARCH_PATHS = "$(inherited) @executable_path/Frameworks @loader_path/Frameworks";
				PRODUCT_NAME = "$(TARGET_NAME)";
				SKIP_INSTALL = YES;
			};
			name = Release;
		};
		DDF53CF71AC9854900931898 /* Debug */ = {
			isa = XCBuildConfiguration;
			buildSettings = {
				FRAMEWORK_SEARCH_PATHS = (
					"$(SDKROOT)/Developer/Library/Frameworks",
					"$(inherited)",
				);
				GCC_PREPROCESSOR_DEFINITIONS = (
					"DEBUG=1",
					"$(inherited)",
				);
				INFOPLIST_FILE = VHHStateMachineTests/Info.plist;
				LD_RUNPATH_SEARCH_PATHS = "$(inherited) @executable_path/Frameworks @loader_path/Frameworks";
				PRODUCT_NAME = "$(TARGET_NAME)";
			};
			name = Debug;
		};
		DDF53CF81AC9854900931898 /* Release */ = {
			isa = XCBuildConfiguration;
			buildSettings = {
				FRAMEWORK_SEARCH_PATHS = (
					"$(SDKROOT)/Developer/Library/Frameworks",
					"$(inherited)",
				);
				INFOPLIST_FILE = VHHStateMachineTests/Info.plist;
				LD_RUNPATH_SEARCH_PATHS = "$(inherited) @executable_path/Frameworks @loader_path/Frameworks";
				PRODUCT_NAME = "$(TARGET_NAME)";
			};
			name = Release;
		};
/* End XCBuildConfiguration section */

/* Begin XCConfigurationList section */
		DDF53CD71AC9854900931898 /* Build configuration list for PBXProject "VHHStateMachine" */ = {
			isa = XCConfigurationList;
			buildConfigurations = (
				DDF53CF11AC9854900931898 /* Debug */,
				DDF53CF21AC9854900931898 /* Release */,
			);
			defaultConfigurationIsVisible = 0;
			defaultConfigurationName = Release;
		};
		DDF53CF31AC9854900931898 /* Build configuration list for PBXNativeTarget "VHHStateMachine" */ = {
			isa = XCConfigurationList;
			buildConfigurations = (
				DDF53CF41AC9854900931898 /* Debug */,
				DDF53CF51AC9854900931898 /* Release */,
			);
			defaultConfigurationIsVisible = 0;
			defaultConfigurationName = Release;
		};
		DDF53CF61AC9854900931898 /* Build configuration list for PBXNativeTarget "VHHStateMachineTests" */ = {
			isa = XCConfigurationList;
			buildConfigurations = (
				DDF53CF71AC9854900931898 /* Debug */,
				DDF53CF81AC9854900931898 /* Release */,
			);
			defaultConfigurationIsVisible = 0;
			defaultConfigurationName = Release;
		};
/* End XCConfigurationList section */
	};
	rootObject = DDF53CD41AC9854900931898 /* Project object */;
}
